// !$*UTF8*$!
{
	archiveVersion = 1;
	classes = {
	};
	objectVersion = 55;
	objects = {

/* Begin PBXBuildFile section */
		525ED03327CA370000FB9307 /* AppDelegate.swift in Sources */ = {isa = PBXBuildFile; fileRef = 525ED03227CA370000FB9307 /* AppDelegate.swift */; };
		525ED03527CA370000FB9307 /* SceneDelegate.swift in Sources */ = {isa = PBXBuildFile; fileRef = 525ED03427CA370000FB9307 /* SceneDelegate.swift */; };
		525ED03727CA370000FB9307 /* ViewController.swift in Sources */ = {isa = PBXBuildFile; fileRef = 525ED03627CA370000FB9307 /* ViewController.swift */; };
		525ED03A27CA370000FB9307 /* Main.storyboard in Resources */ = {isa = PBXBuildFile; fileRef = 525ED03827CA370000FB9307 /* Main.storyboard */; };
		525ED03C27CA370100FB9307 /* Assets.xcassets in Resources */ = {isa = PBXBuildFile; fileRef = 525ED03B27CA370100FB9307 /* Assets.xcassets */; };
		525ED03F27CA370100FB9307 /* LaunchScreen.storyboard in Resources */ = {isa = PBXBuildFile; fileRef = 525ED03D27CA370100FB9307 /* LaunchScreen.storyboard */; };
		525ED04A27CA370100FB9307 /* RussianSiteCheckerTests.swift in Sources */ = {isa = PBXBuildFile; fileRef = 525ED04927CA370100FB9307 /* RussianSiteCheckerTests.swift */; };
		525ED05427CA370100FB9307 /* RussianSiteCheckerUITests.swift in Sources */ = {isa = PBXBuildFile; fileRef = 525ED05327CA370100FB9307 /* RussianSiteCheckerUITests.swift */; };
		525ED05627CA370100FB9307 /* RussianSiteCheckerUITestsLaunchTests.swift in Sources */ = {isa = PBXBuildFile; fileRef = 525ED05527CA370100FB9307 /* RussianSiteCheckerUITestsLaunchTests.swift */; };
		525ED06327CA37F000FB9307 /* SitesList.swift in Sources */ = {isa = PBXBuildFile; fileRef = 525ED06227CA37F000FB9307 /* SitesList.swift */; };
		525ED06627CA389900FB9307 /* AvalibilityViewModel.swift in Sources */ = {isa = PBXBuildFile; fileRef = 525ED06527CA389900FB9307 /* AvalibilityViewModel.swift */; };
		525ED06827CA39E300FB9307 /* AvalibilityTableViewCell.swift in Sources */ = {isa = PBXBuildFile; fileRef = 525ED06727CA39E300FB9307 /* AvalibilityTableViewCell.swift */; };
		525ED06A27CA400600FB9307 /* ObservingViewController.swift in Sources */ = {isa = PBXBuildFile; fileRef = 525ED06927CA400600FB9307 /* ObservingViewController.swift */; };
		525ED06C27CA5A1900FB9307 /* URLSession+Private.swift in Sources */ = {isa = PBXBuildFile; fileRef = 525ED06B27CA5A1900FB9307 /* URLSession+Private.swift */; };
		528DD86927CBAE11008D8498 /* OpenSans-SemiBold.ttf in Resources */ = {isa = PBXBuildFile; fileRef = 528DD85D27CBAE11008D8498 /* OpenSans-SemiBold.ttf */; };
		528DD86A27CBAE11008D8498 /* OpenSans-BoldItalic.ttf in Resources */ = {isa = PBXBuildFile; fileRef = 528DD85E27CBAE11008D8498 /* OpenSans-BoldItalic.ttf */; };
		528DD86B27CBAE11008D8498 /* OpenSans-Light.ttf in Resources */ = {isa = PBXBuildFile; fileRef = 528DD85F27CBAE11008D8498 /* OpenSans-Light.ttf */; };
		528DD86C27CBAE11008D8498 /* OpenSans-Italic.ttf in Resources */ = {isa = PBXBuildFile; fileRef = 528DD86027CBAE11008D8498 /* OpenSans-Italic.ttf */; };
		528DD86D27CBAE11008D8498 /* OpenSans-MediumItalic.ttf in Resources */ = {isa = PBXBuildFile; fileRef = 528DD86127CBAE11008D8498 /* OpenSans-MediumItalic.ttf */; };
		528DD86E27CBAE11008D8498 /* OpenSans-SemiBoldItalic.ttf in Resources */ = {isa = PBXBuildFile; fileRef = 528DD86227CBAE11008D8498 /* OpenSans-SemiBoldItalic.ttf */; };
		528DD86F27CBAE11008D8498 /* OpenSans-Bold.ttf in Resources */ = {isa = PBXBuildFile; fileRef = 528DD86327CBAE11008D8498 /* OpenSans-Bold.ttf */; };
		528DD87027CBAE11008D8498 /* OpenSans-ExtraBold.ttf in Resources */ = {isa = PBXBuildFile; fileRef = 528DD86427CBAE11008D8498 /* OpenSans-ExtraBold.ttf */; };
		528DD87127CBAE11008D8498 /* OpenSans-LightItalic.ttf in Resources */ = {isa = PBXBuildFile; fileRef = 528DD86527CBAE11008D8498 /* OpenSans-LightItalic.ttf */; };
		528DD87227CBAE11008D8498 /* OpenSans-Medium.ttf in Resources */ = {isa = PBXBuildFile; fileRef = 528DD86627CBAE11008D8498 /* OpenSans-Medium.ttf */; };
		528DD87327CBAE11008D8498 /* OpenSans-ExtraBoldItalic.ttf in Resources */ = {isa = PBXBuildFile; fileRef = 528DD86727CBAE11008D8498 /* OpenSans-ExtraBoldItalic.ttf */; };
		528DD87427CBAE11008D8498 /* OpenSans-Regular.ttf in Resources */ = {isa = PBXBuildFile; fileRef = 528DD86827CBAE11008D8498 /* OpenSans-Regular.ttf */; };
		528DD87627CBB407008D8498 /* OnboardingViewController.swift in Sources */ = {isa = PBXBuildFile; fileRef = 528DD87527CBB407008D8498 /* OnboardingViewController.swift */; };
		528DD87827CBC785008D8498 /* RootComponent.swift in Sources */ = {isa = PBXBuildFile; fileRef = 528DD87727CBC785008D8498 /* RootComponent.swift */; };
		528DD87A27CBC799008D8498 /* Storage.swift in Sources */ = {isa = PBXBuildFile; fileRef = 528DD87927CBC799008D8498 /* Storage.swift */; };
/* End PBXBuildFile section */

/* Begin PBXContainerItemProxy section */
		525ED04627CA370100FB9307 /* PBXContainerItemProxy */ = {
			isa = PBXContainerItemProxy;
			containerPortal = 525ED02727CA370000FB9307 /* Project object */;
			proxyType = 1;
			remoteGlobalIDString = 525ED02E27CA370000FB9307;
			remoteInfo = RussianSiteChecker;
		};
		525ED05027CA370100FB9307 /* PBXContainerItemProxy */ = {
			isa = PBXContainerItemProxy;
			containerPortal = 525ED02727CA370000FB9307 /* Project object */;
			proxyType = 1;
			remoteGlobalIDString = 525ED02E27CA370000FB9307;
			remoteInfo = RussianSiteChecker;
		};
/* End PBXContainerItemProxy section */

/* Begin PBXFileReference section */
		525ED02F27CA370000FB9307 /* RussianSiteChecker.app */ = {isa = PBXFileReference; explicitFileType = wrapper.application; includeInIndex = 0; path = RussianSiteChecker.app; sourceTree = BUILT_PRODUCTS_DIR; };
		525ED03227CA370000FB9307 /* AppDelegate.swift */ = {isa = PBXFileReference; lastKnownFileType = sourcecode.swift; path = AppDelegate.swift; sourceTree = "<group>"; };
		525ED03427CA370000FB9307 /* SceneDelegate.swift */ = {isa = PBXFileReference; lastKnownFileType = sourcecode.swift; path = SceneDelegate.swift; sourceTree = "<group>"; };
		525ED03627CA370000FB9307 /* ViewController.swift */ = {isa = PBXFileReference; lastKnownFileType = sourcecode.swift; path = ViewController.swift; sourceTree = "<group>"; };
		525ED03927CA370000FB9307 /* Base */ = {isa = PBXFileReference; lastKnownFileType = file.storyboard; name = Base; path = Base.lproj/Main.storyboard; sourceTree = "<group>"; };
		525ED03B27CA370100FB9307 /* Assets.xcassets */ = {isa = PBXFileReference; lastKnownFileType = folder.assetcatalog; path = Assets.xcassets; sourceTree = "<group>"; };
		525ED03E27CA370100FB9307 /* Base */ = {isa = PBXFileReference; lastKnownFileType = file.storyboard; name = Base; path = Base.lproj/LaunchScreen.storyboard; sourceTree = "<group>"; };
		525ED04027CA370100FB9307 /* Info.plist */ = {isa = PBXFileReference; lastKnownFileType = text.plist.xml; path = Info.plist; sourceTree = "<group>"; };
		525ED04527CA370100FB9307 /* RussianSiteCheckerTests.xctest */ = {isa = PBXFileReference; explicitFileType = wrapper.cfbundle; includeInIndex = 0; path = RussianSiteCheckerTests.xctest; sourceTree = BUILT_PRODUCTS_DIR; };
		525ED04927CA370100FB9307 /* RussianSiteCheckerTests.swift */ = {isa = PBXFileReference; lastKnownFileType = sourcecode.swift; path = RussianSiteCheckerTests.swift; sourceTree = "<group>"; };
		525ED04F27CA370100FB9307 /* RussianSiteCheckerUITests.xctest */ = {isa = PBXFileReference; explicitFileType = wrapper.cfbundle; includeInIndex = 0; path = RussianSiteCheckerUITests.xctest; sourceTree = BUILT_PRODUCTS_DIR; };
		525ED05327CA370100FB9307 /* RussianSiteCheckerUITests.swift */ = {isa = PBXFileReference; lastKnownFileType = sourcecode.swift; path = RussianSiteCheckerUITests.swift; sourceTree = "<group>"; };
		525ED05527CA370100FB9307 /* RussianSiteCheckerUITestsLaunchTests.swift */ = {isa = PBXFileReference; lastKnownFileType = sourcecode.swift; path = RussianSiteCheckerUITestsLaunchTests.swift; sourceTree = "<group>"; };
		525ED06227CA37F000FB9307 /* SitesList.swift */ = {isa = PBXFileReference; lastKnownFileType = sourcecode.swift; path = SitesList.swift; sourceTree = "<group>"; };
		525ED06527CA389900FB9307 /* AvalibilityViewModel.swift */ = {isa = PBXFileReference; lastKnownFileType = sourcecode.swift; path = AvalibilityViewModel.swift; sourceTree = "<group>"; };
		525ED06727CA39E300FB9307 /* AvalibilityTableViewCell.swift */ = {isa = PBXFileReference; lastKnownFileType = sourcecode.swift; path = AvalibilityTableViewCell.swift; sourceTree = "<group>"; };
		525ED06927CA400600FB9307 /* ObservingViewController.swift */ = {isa = PBXFileReference; lastKnownFileType = sourcecode.swift; path = ObservingViewController.swift; sourceTree = "<group>"; };
		525ED06B27CA5A1900FB9307 /* URLSession+Private.swift */ = {isa = PBXFileReference; lastKnownFileType = sourcecode.swift; path = "URLSession+Private.swift"; sourceTree = "<group>"; };
		528DD85D27CBAE11008D8498 /* OpenSans-SemiBold.ttf */ = {isa = PBXFileReference; lastKnownFileType = file; path = "OpenSans-SemiBold.ttf"; sourceTree = "<group>"; };
		528DD85E27CBAE11008D8498 /* OpenSans-BoldItalic.ttf */ = {isa = PBXFileReference; lastKnownFileType = file; path = "OpenSans-BoldItalic.ttf"; sourceTree = "<group>"; };
		528DD85F27CBAE11008D8498 /* OpenSans-Light.ttf */ = {isa = PBXFileReference; lastKnownFileType = file; path = "OpenSans-Light.ttf"; sourceTree = "<group>"; };
		528DD86027CBAE11008D8498 /* OpenSans-Italic.ttf */ = {isa = PBXFileReference; lastKnownFileType = file; path = "OpenSans-Italic.ttf"; sourceTree = "<group>"; };
		528DD86127CBAE11008D8498 /* OpenSans-MediumItalic.ttf */ = {isa = PBXFileReference; lastKnownFileType = file; path = "OpenSans-MediumItalic.ttf"; sourceTree = "<group>"; };
		528DD86227CBAE11008D8498 /* OpenSans-SemiBoldItalic.ttf */ = {isa = PBXFileReference; lastKnownFileType = file; path = "OpenSans-SemiBoldItalic.ttf"; sourceTree = "<group>"; };
		528DD86327CBAE11008D8498 /* OpenSans-Bold.ttf */ = {isa = PBXFileReference; lastKnownFileType = file; path = "OpenSans-Bold.ttf"; sourceTree = "<group>"; };
		528DD86427CBAE11008D8498 /* OpenSans-ExtraBold.ttf */ = {isa = PBXFileReference; lastKnownFileType = file; path = "OpenSans-ExtraBold.ttf"; sourceTree = "<group>"; };
		528DD86527CBAE11008D8498 /* OpenSans-LightItalic.ttf */ = {isa = PBXFileReference; lastKnownFileType = file; path = "OpenSans-LightItalic.ttf"; sourceTree = "<group>"; };
		528DD86627CBAE11008D8498 /* OpenSans-Medium.ttf */ = {isa = PBXFileReference; lastKnownFileType = file; path = "OpenSans-Medium.ttf"; sourceTree = "<group>"; };
		528DD86727CBAE11008D8498 /* OpenSans-ExtraBoldItalic.ttf */ = {isa = PBXFileReference; lastKnownFileType = file; path = "OpenSans-ExtraBoldItalic.ttf"; sourceTree = "<group>"; };
		528DD86827CBAE11008D8498 /* OpenSans-Regular.ttf */ = {isa = PBXFileReference; lastKnownFileType = file; path = "OpenSans-Regular.ttf"; sourceTree = "<group>"; };
		528DD87527CBB407008D8498 /* OnboardingViewController.swift */ = {isa = PBXFileReference; lastKnownFileType = sourcecode.swift; path = OnboardingViewController.swift; sourceTree = "<group>"; };
		528DD87727CBC785008D8498 /* RootComponent.swift */ = {isa = PBXFileReference; lastKnownFileType = sourcecode.swift; path = RootComponent.swift; sourceTree = "<group>"; };
		528DD87927CBC799008D8498 /* Storage.swift */ = {isa = PBXFileReference; lastKnownFileType = sourcecode.swift; path = Storage.swift; sourceTree = "<group>"; };
/* End PBXFileReference section */

/* Begin PBXFrameworksBuildPhase section */
		525ED02C27CA370000FB9307 /* Frameworks */ = {
			isa = PBXFrameworksBuildPhase;
			buildActionMask = 2147483647;
			files = (
			);
			runOnlyForDeploymentPostprocessing = 0;
		};
		525ED04227CA370100FB9307 /* Frameworks */ = {
			isa = PBXFrameworksBuildPhase;
			buildActionMask = 2147483647;
			files = (
			);
			runOnlyForDeploymentPostprocessing = 0;
		};
		525ED04C27CA370100FB9307 /* Frameworks */ = {
			isa = PBXFrameworksBuildPhase;
			buildActionMask = 2147483647;
			files = (
			);
			runOnlyForDeploymentPostprocessing = 0;
		};
/* End PBXFrameworksBuildPhase section */

/* Begin PBXGroup section */
		525ED02627CA370000FB9307 = {
			isa = PBXGroup;
			children = (
				525ED03127CA370000FB9307 /* RussianSiteChecker */,
				525ED04827CA370100FB9307 /* RussianSiteCheckerTests */,
				525ED05227CA370100FB9307 /* RussianSiteCheckerUITests */,
				525ED03027CA370000FB9307 /* Products */,
			);
			sourceTree = "<group>";
		};
		525ED03027CA370000FB9307 /* Products */ = {
			isa = PBXGroup;
			children = (
				525ED02F27CA370000FB9307 /* RussianSiteChecker.app */,
				525ED04527CA370100FB9307 /* RussianSiteCheckerTests.xctest */,
				525ED04F27CA370100FB9307 /* RussianSiteCheckerUITests.xctest */,
			);
			name = Products;
			sourceTree = "<group>";
		};
		525ED03127CA370000FB9307 /* RussianSiteChecker */ = {
			isa = PBXGroup;
			children = (
				528DD85B27CBADF7008D8498 /* Resources */,
				525ED06427CA387F00FB9307 /* Cells */,
				525ED03227CA370000FB9307 /* AppDelegate.swift */,
				525ED03427CA370000FB9307 /* SceneDelegate.swift */,
				525ED03627CA370000FB9307 /* ViewController.swift */,
				525ED03827CA370000FB9307 /* Main.storyboard */,
				525ED03B27CA370100FB9307 /* Assets.xcassets */,
				525ED03D27CA370100FB9307 /* LaunchScreen.storyboard */,
				525ED04027CA370100FB9307 /* Info.plist */,
				525ED06227CA37F000FB9307 /* SitesList.swift */,
				525ED06927CA400600FB9307 /* ObservingViewController.swift */,
				525ED06B27CA5A1900FB9307 /* URLSession+Private.swift */,
				528DD87527CBB407008D8498 /* OnboardingViewController.swift */,
				528DD87727CBC785008D8498 /* RootComponent.swift */,
				528DD87927CBC799008D8498 /* Storage.swift */,
			);
			path = RussianSiteChecker;
			sourceTree = "<group>";
		};
		525ED04827CA370100FB9307 /* RussianSiteCheckerTests */ = {
			isa = PBXGroup;
			children = (
				525ED04927CA370100FB9307 /* RussianSiteCheckerTests.swift */,
			);
			path = RussianSiteCheckerTests;
			sourceTree = "<group>";
		};
		525ED05227CA370100FB9307 /* RussianSiteCheckerUITests */ = {
			isa = PBXGroup;
			children = (
				525ED05327CA370100FB9307 /* RussianSiteCheckerUITests.swift */,
				525ED05527CA370100FB9307 /* RussianSiteCheckerUITestsLaunchTests.swift */,
			);
			path = RussianSiteCheckerUITests;
			sourceTree = "<group>";
		};
		525ED06427CA387F00FB9307 /* Cells */ = {
			isa = PBXGroup;
			children = (
				525ED06527CA389900FB9307 /* AvalibilityViewModel.swift */,
				525ED06727CA39E300FB9307 /* AvalibilityTableViewCell.swift */,
			);
			path = Cells;
			sourceTree = "<group>";
		};
		528DD85B27CBADF7008D8498 /* Resources */ = {
			isa = PBXGroup;
			children = (
				528DD85C27CBAE01008D8498 /* Fonts */,
			);
			path = Resources;
			sourceTree = "<group>";
		};
		528DD85C27CBAE01008D8498 /* Fonts */ = {
			isa = PBXGroup;
			children = (
				528DD86327CBAE11008D8498 /* OpenSans-Bold.ttf */,
				528DD85E27CBAE11008D8498 /* OpenSans-BoldItalic.ttf */,
				528DD86427CBAE11008D8498 /* OpenSans-ExtraBold.ttf */,
				528DD86727CBAE11008D8498 /* OpenSans-ExtraBoldItalic.ttf */,
				528DD86027CBAE11008D8498 /* OpenSans-Italic.ttf */,
				528DD85F27CBAE11008D8498 /* OpenSans-Light.ttf */,
				528DD86527CBAE11008D8498 /* OpenSans-LightItalic.ttf */,
				528DD86627CBAE11008D8498 /* OpenSans-Medium.ttf */,
				528DD86127CBAE11008D8498 /* OpenSans-MediumItalic.ttf */,
				528DD86827CBAE11008D8498 /* OpenSans-Regular.ttf */,
				528DD85D27CBAE11008D8498 /* OpenSans-SemiBold.ttf */,
				528DD86227CBAE11008D8498 /* OpenSans-SemiBoldItalic.ttf */,
			);
			path = Fonts;
			sourceTree = "<group>";
		};
/* End PBXGroup section */

/* Begin PBXNativeTarget section */
		525ED02E27CA370000FB9307 /* RussianSiteChecker */ = {
			isa = PBXNativeTarget;
			buildConfigurationList = 525ED05927CA370100FB9307 /* Build configuration list for PBXNativeTarget "RussianSiteChecker" */;
			buildPhases = (
				525ED02B27CA370000FB9307 /* Sources */,
				525ED02C27CA370000FB9307 /* Frameworks */,
				525ED02D27CA370000FB9307 /* Resources */,
			);
			buildRules = (
			);
			dependencies = (
			);
			name = RussianSiteChecker;
			productName = RussianSiteChecker;
			productReference = 525ED02F27CA370000FB9307 /* RussianSiteChecker.app */;
			productType = "com.apple.product-type.application";
		};
		525ED04427CA370100FB9307 /* RussianSiteCheckerTests */ = {
			isa = PBXNativeTarget;
			buildConfigurationList = 525ED05C27CA370100FB9307 /* Build configuration list for PBXNativeTarget "RussianSiteCheckerTests" */;
			buildPhases = (
				525ED04127CA370100FB9307 /* Sources */,
				525ED04227CA370100FB9307 /* Frameworks */,
				525ED04327CA370100FB9307 /* Resources */,
			);
			buildRules = (
			);
			dependencies = (
				525ED04727CA370100FB9307 /* PBXTargetDependency */,
			);
			name = RussianSiteCheckerTests;
			productName = RussianSiteCheckerTests;
			productReference = 525ED04527CA370100FB9307 /* RussianSiteCheckerTests.xctest */;
			productType = "com.apple.product-type.bundle.unit-test";
		};
		525ED04E27CA370100FB9307 /* RussianSiteCheckerUITests */ = {
			isa = PBXNativeTarget;
			buildConfigurationList = 525ED05F27CA370100FB9307 /* Build configuration list for PBXNativeTarget "RussianSiteCheckerUITests" */;
			buildPhases = (
				525ED04B27CA370100FB9307 /* Sources */,
				525ED04C27CA370100FB9307 /* Frameworks */,
				525ED04D27CA370100FB9307 /* Resources */,
			);
			buildRules = (
			);
			dependencies = (
				525ED05127CA370100FB9307 /* PBXTargetDependency */,
			);
			name = RussianSiteCheckerUITests;
			productName = RussianSiteCheckerUITests;
			productReference = 525ED04F27CA370100FB9307 /* RussianSiteCheckerUITests.xctest */;
			productType = "com.apple.product-type.bundle.ui-testing";
		};
/* End PBXNativeTarget section */

/* Begin PBXProject section */
		525ED02727CA370000FB9307 /* Project object */ = {
			isa = PBXProject;
			attributes = {
				BuildIndependentTargetsInParallel = 1;
				LastSwiftUpdateCheck = 1320;
				LastUpgradeCheck = 1320;
				TargetAttributes = {
					525ED02E27CA370000FB9307 = {
						CreatedOnToolsVersion = 13.2.1;
					};
					525ED04427CA370100FB9307 = {
						CreatedOnToolsVersion = 13.2.1;
						TestTargetID = 525ED02E27CA370000FB9307;
					};
					525ED04E27CA370100FB9307 = {
						CreatedOnToolsVersion = 13.2.1;
						TestTargetID = 525ED02E27CA370000FB9307;
					};
				};
			};
			buildConfigurationList = 525ED02A27CA370000FB9307 /* Build configuration list for PBXProject "RussianSiteChecker" */;
			compatibilityVersion = "Xcode 13.0";
			developmentRegion = en;
			hasScannedForEncodings = 0;
			knownRegions = (
				en,
				Base,
			);
			mainGroup = 525ED02627CA370000FB9307;
			productRefGroup = 525ED03027CA370000FB9307 /* Products */;
			projectDirPath = "";
			projectRoot = "";
			targets = (
				525ED02E27CA370000FB9307 /* RussianSiteChecker */,
				525ED04427CA370100FB9307 /* RussianSiteCheckerTests */,
				525ED04E27CA370100FB9307 /* RussianSiteCheckerUITests */,
			);
		};
/* End PBXProject section */

/* Begin PBXResourcesBuildPhase section */
		525ED02D27CA370000FB9307 /* Resources */ = {
			isa = PBXResourcesBuildPhase;
			buildActionMask = 2147483647;
			files = (
				528DD86E27CBAE11008D8498 /* OpenSans-SemiBoldItalic.ttf in Resources */,
				528DD87327CBAE11008D8498 /* OpenSans-ExtraBoldItalic.ttf in Resources */,
				528DD87027CBAE11008D8498 /* OpenSans-ExtraBold.ttf in Resources */,
				528DD87127CBAE11008D8498 /* OpenSans-LightItalic.ttf in Resources */,
				528DD86D27CBAE11008D8498 /* OpenSans-MediumItalic.ttf in Resources */,
				528DD86B27CBAE11008D8498 /* OpenSans-Light.ttf in Resources */,
				528DD87227CBAE11008D8498 /* OpenSans-Medium.ttf in Resources */,
				528DD86927CBAE11008D8498 /* OpenSans-SemiBold.ttf in Resources */,
				525ED03F27CA370100FB9307 /* LaunchScreen.storyboard in Resources */,
				525ED03C27CA370100FB9307 /* Assets.xcassets in Resources */,
				528DD87427CBAE11008D8498 /* OpenSans-Regular.ttf in Resources */,
				525ED03A27CA370000FB9307 /* Main.storyboard in Resources */,
				528DD86A27CBAE11008D8498 /* OpenSans-BoldItalic.ttf in Resources */,
				528DD86F27CBAE11008D8498 /* OpenSans-Bold.ttf in Resources */,
				528DD86C27CBAE11008D8498 /* OpenSans-Italic.ttf in Resources */,
			);
			runOnlyForDeploymentPostprocessing = 0;
		};
		525ED04327CA370100FB9307 /* Resources */ = {
			isa = PBXResourcesBuildPhase;
			buildActionMask = 2147483647;
			files = (
			);
			runOnlyForDeploymentPostprocessing = 0;
		};
		525ED04D27CA370100FB9307 /* Resources */ = {
			isa = PBXResourcesBuildPhase;
			buildActionMask = 2147483647;
			files = (
			);
			runOnlyForDeploymentPostprocessing = 0;
		};
/* End PBXResourcesBuildPhase section */

/* Begin PBXSourcesBuildPhase section */
		525ED02B27CA370000FB9307 /* Sources */ = {
			isa = PBXSourcesBuildPhase;
			buildActionMask = 2147483647;
			files = (
				525ED06C27CA5A1900FB9307 /* URLSession+Private.swift in Sources */,
				528DD87A27CBC799008D8498 /* Storage.swift in Sources */,
				525ED06627CA389900FB9307 /* AvalibilityViewModel.swift in Sources */,
				525ED03727CA370000FB9307 /* ViewController.swift in Sources */,
				528DD87827CBC785008D8498 /* RootComponent.swift in Sources */,
				525ED06A27CA400600FB9307 /* ObservingViewController.swift in Sources */,
				525ED06827CA39E300FB9307 /* AvalibilityTableViewCell.swift in Sources */,
				525ED03327CA370000FB9307 /* AppDelegate.swift in Sources */,
				525ED06327CA37F000FB9307 /* SitesList.swift in Sources */,
				528DD87627CBB407008D8498 /* OnboardingViewController.swift in Sources */,
				525ED03527CA370000FB9307 /* SceneDelegate.swift in Sources */,
			);
			runOnlyForDeploymentPostprocessing = 0;
		};
		525ED04127CA370100FB9307 /* Sources */ = {
			isa = PBXSourcesBuildPhase;
			buildActionMask = 2147483647;
			files = (
				525ED04A27CA370100FB9307 /* RussianSiteCheckerTests.swift in Sources */,
			);
			runOnlyForDeploymentPostprocessing = 0;
		};
		525ED04B27CA370100FB9307 /* Sources */ = {
			isa = PBXSourcesBuildPhase;
			buildActionMask = 2147483647;
			files = (
				525ED05427CA370100FB9307 /* RussianSiteCheckerUITests.swift in Sources */,
				525ED05627CA370100FB9307 /* RussianSiteCheckerUITestsLaunchTests.swift in Sources */,
			);
			runOnlyForDeploymentPostprocessing = 0;
		};
/* End PBXSourcesBuildPhase section */

/* Begin PBXTargetDependency section */
		525ED04727CA370100FB9307 /* PBXTargetDependency */ = {
			isa = PBXTargetDependency;
			target = 525ED02E27CA370000FB9307 /* RussianSiteChecker */;
			targetProxy = 525ED04627CA370100FB9307 /* PBXContainerItemProxy */;
		};
		525ED05127CA370100FB9307 /* PBXTargetDependency */ = {
			isa = PBXTargetDependency;
			target = 525ED02E27CA370000FB9307 /* RussianSiteChecker */;
			targetProxy = 525ED05027CA370100FB9307 /* PBXContainerItemProxy */;
		};
/* End PBXTargetDependency section */

/* Begin PBXVariantGroup section */
		525ED03827CA370000FB9307 /* Main.storyboard */ = {
			isa = PBXVariantGroup;
			children = (
				525ED03927CA370000FB9307 /* Base */,
			);
			name = Main.storyboard;
			sourceTree = "<group>";
		};
		525ED03D27CA370100FB9307 /* LaunchScreen.storyboard */ = {
			isa = PBXVariantGroup;
			children = (
				525ED03E27CA370100FB9307 /* Base */,
			);
			name = LaunchScreen.storyboard;
			sourceTree = "<group>";
		};
/* End PBXVariantGroup section */

/* Begin XCBuildConfiguration section */
		525ED05727CA370100FB9307 /* Debug */ = {
			isa = XCBuildConfiguration;
			buildSettings = {
				ALWAYS_SEARCH_USER_PATHS = NO;
				CLANG_ANALYZER_NONNULL = YES;
				CLANG_ANALYZER_NUMBER_OBJECT_CONVERSION = YES_AGGRESSIVE;
				CLANG_CXX_LANGUAGE_STANDARD = "gnu++17";
				CLANG_CXX_LIBRARY = "libc++";
				CLANG_ENABLE_MODULES = YES;
				CLANG_ENABLE_OBJC_ARC = YES;
				CLANG_ENABLE_OBJC_WEAK = YES;
				CLANG_WARN_BLOCK_CAPTURE_AUTORELEASING = YES;
				CLANG_WARN_BOOL_CONVERSION = YES;
				CLANG_WARN_COMMA = YES;
				CLANG_WARN_CONSTANT_CONVERSION = YES;
				CLANG_WARN_DEPRECATED_OBJC_IMPLEMENTATIONS = YES;
				CLANG_WARN_DIRECT_OBJC_ISA_USAGE = YES_ERROR;
				CLANG_WARN_DOCUMENTATION_COMMENTS = YES;
				CLANG_WARN_EMPTY_BODY = YES;
				CLANG_WARN_ENUM_CONVERSION = YES;
				CLANG_WARN_INFINITE_RECURSION = YES;
				CLANG_WARN_INT_CONVERSION = YES;
				CLANG_WARN_NON_LITERAL_NULL_CONVERSION = YES;
				CLANG_WARN_OBJC_IMPLICIT_RETAIN_SELF = YES;
				CLANG_WARN_OBJC_LITERAL_CONVERSION = YES;
				CLANG_WARN_OBJC_ROOT_CLASS = YES_ERROR;
				CLANG_WARN_QUOTED_INCLUDE_IN_FRAMEWORK_HEADER = YES;
				CLANG_WARN_RANGE_LOOP_ANALYSIS = YES;
				CLANG_WARN_STRICT_PROTOTYPES = YES;
				CLANG_WARN_SUSPICIOUS_MOVE = YES;
				CLANG_WARN_UNGUARDED_AVAILABILITY = YES_AGGRESSIVE;
				CLANG_WARN_UNREACHABLE_CODE = YES;
				CLANG_WARN__DUPLICATE_METHOD_MATCH = YES;
				COPY_PHASE_STRIP = NO;
				DEBUG_INFORMATION_FORMAT = dwarf;
				ENABLE_STRICT_OBJC_MSGSEND = YES;
				ENABLE_TESTABILITY = YES;
				GCC_C_LANGUAGE_STANDARD = gnu11;
				GCC_DYNAMIC_NO_PIC = NO;
				GCC_NO_COMMON_BLOCKS = YES;
				GCC_OPTIMIZATION_LEVEL = 0;
				GCC_PREPROCESSOR_DEFINITIONS = (
					"DEBUG=1",
					"$(inherited)",
				);
				GCC_WARN_64_TO_32_BIT_CONVERSION = YES;
				GCC_WARN_ABOUT_RETURN_TYPE = YES_ERROR;
				GCC_WARN_UNDECLARED_SELECTOR = YES;
				GCC_WARN_UNINITIALIZED_AUTOS = YES_AGGRESSIVE;
				GCC_WARN_UNUSED_FUNCTION = YES;
				GCC_WARN_UNUSED_VARIABLE = YES;
				IPHONEOS_DEPLOYMENT_TARGET = 13.0;
				MTL_ENABLE_DEBUG_INFO = INCLUDE_SOURCE;
				MTL_FAST_MATH = YES;
				ONLY_ACTIVE_ARCH = YES;
				SDKROOT = iphoneos;
				SWIFT_ACTIVE_COMPILATION_CONDITIONS = DEBUG;
				SWIFT_OPTIMIZATION_LEVEL = "-Onone";
			};
			name = Debug;
		};
		525ED05827CA370100FB9307 /* Release */ = {
			isa = XCBuildConfiguration;
			buildSettings = {
				ALWAYS_SEARCH_USER_PATHS = NO;
				CLANG_ANALYZER_NONNULL = YES;
				CLANG_ANALYZER_NUMBER_OBJECT_CONVERSION = YES_AGGRESSIVE;
				CLANG_CXX_LANGUAGE_STANDARD = "gnu++17";
				CLANG_CXX_LIBRARY = "libc++";
				CLANG_ENABLE_MODULES = YES;
				CLANG_ENABLE_OBJC_ARC = YES;
				CLANG_ENABLE_OBJC_WEAK = YES;
				CLANG_WARN_BLOCK_CAPTURE_AUTORELEASING = YES;
				CLANG_WARN_BOOL_CONVERSION = YES;
				CLANG_WARN_COMMA = YES;
				CLANG_WARN_CONSTANT_CONVERSION = YES;
				CLANG_WARN_DEPRECATED_OBJC_IMPLEMENTATIONS = YES;
				CLANG_WARN_DIRECT_OBJC_ISA_USAGE = YES_ERROR;
				CLANG_WARN_DOCUMENTATION_COMMENTS = YES;
				CLANG_WARN_EMPTY_BODY = YES;
				CLANG_WARN_ENUM_CONVERSION = YES;
				CLANG_WARN_INFINITE_RECURSION = YES;
				CLANG_WARN_INT_CONVERSION = YES;
				CLANG_WARN_NON_LITERAL_NULL_CONVERSION = YES;
				CLANG_WARN_OBJC_IMPLICIT_RETAIN_SELF = YES;
				CLANG_WARN_OBJC_LITERAL_CONVERSION = YES;
				CLANG_WARN_OBJC_ROOT_CLASS = YES_ERROR;
				CLANG_WARN_QUOTED_INCLUDE_IN_FRAMEWORK_HEADER = YES;
				CLANG_WARN_RANGE_LOOP_ANALYSIS = YES;
				CLANG_WARN_STRICT_PROTOTYPES = YES;
				CLANG_WARN_SUSPICIOUS_MOVE = YES;
				CLANG_WARN_UNGUARDED_AVAILABILITY = YES_AGGRESSIVE;
				CLANG_WARN_UNREACHABLE_CODE = YES;
				CLANG_WARN__DUPLICATE_METHOD_MATCH = YES;
				COPY_PHASE_STRIP = NO;
				DEBUG_INFORMATION_FORMAT = "dwarf-with-dsym";
				ENABLE_NS_ASSERTIONS = NO;
				ENABLE_STRICT_OBJC_MSGSEND = YES;
				GCC_C_LANGUAGE_STANDARD = gnu11;
				GCC_NO_COMMON_BLOCKS = YES;
				GCC_WARN_64_TO_32_BIT_CONVERSION = YES;
				GCC_WARN_ABOUT_RETURN_TYPE = YES_ERROR;
				GCC_WARN_UNDECLARED_SELECTOR = YES;
				GCC_WARN_UNINITIALIZED_AUTOS = YES_AGGRESSIVE;
				GCC_WARN_UNUSED_FUNCTION = YES;
				GCC_WARN_UNUSED_VARIABLE = YES;
				IPHONEOS_DEPLOYMENT_TARGET = 13.0;
				MTL_ENABLE_DEBUG_INFO = NO;
				MTL_FAST_MATH = YES;
				SDKROOT = iphoneos;
				SWIFT_COMPILATION_MODE = wholemodule;
				SWIFT_OPTIMIZATION_LEVEL = "-O";
				VALIDATE_PRODUCT = YES;
			};
			name = Release;
		};
		525ED05A27CA370100FB9307 /* Debug */ = {
			isa = XCBuildConfiguration;
			buildSettings = {
				ASSETCATALOG_COMPILER_APPICON_NAME = AppIcon;
				ASSETCATALOG_COMPILER_GLOBAL_ACCENT_COLOR_NAME = AccentColor;
				CODE_SIGN_IDENTITY = "Apple Development";
				CODE_SIGN_STYLE = Automatic;
				CURRENT_PROJECT_VERSION = 6;
				DEVELOPMENT_TEAM = DX34ZZXSN8;
				GENERATE_INFOPLIST_FILE = YES;
				INFOPLIST_FILE = RussianSiteChecker/Info.plist;
				INFOPLIST_KEY_UIApplicationSupportsIndirectInputEvents = YES;
				INFOPLIST_KEY_UILaunchStoryboardName = LaunchScreen;
				INFOPLIST_KEY_UIMainStoryboardFile = Main;
				INFOPLIST_KEY_UISupportedInterfaceOrientations_iPad = "UIInterfaceOrientationPortrait UIInterfaceOrientationPortraitUpsideDown UIInterfaceOrientationLandscapeLeft UIInterfaceOrientationLandscapeRight";
				INFOPLIST_KEY_UISupportedInterfaceOrientations_iPhone = "UIInterfaceOrientationPortrait UIInterfaceOrientationLandscapeLeft UIInterfaceOrientationLandscapeRight";
				IPHONEOS_DEPLOYMENT_TARGET = 13.0;
				LD_RUNPATH_SEARCH_PATHS = (
					"$(inherited)",
					"@executable_path/Frameworks",
				);
				MARKETING_VERSION = 1.0;
				PRODUCT_BUNDLE_IDENTIFIER = com.RussianSiteChecker;
				PRODUCT_NAME = "$(TARGET_NAME)";
				PROVISIONING_PROFILE_SPECIFIER = "";
				SWIFT_EMIT_LOC_STRINGS = YES;
				SWIFT_VERSION = 5.0;
				TARGETED_DEVICE_FAMILY = "1,2";
			};
			name = Debug;
		};
		525ED05B27CA370100FB9307 /* Release */ = {
			isa = XCBuildConfiguration;
			buildSettings = {
				ASSETCATALOG_COMPILER_APPICON_NAME = AppIcon;
				ASSETCATALOG_COMPILER_GLOBAL_ACCENT_COLOR_NAME = AccentColor;
				CODE_SIGN_IDENTITY = "Apple Development";
				CODE_SIGN_STYLE = Automatic;
				CURRENT_PROJECT_VERSION = 6;
				DEVELOPMENT_TEAM = DX34ZZXSN8;
				GENERATE_INFOPLIST_FILE = YES;
				INFOPLIST_FILE = RussianSiteChecker/Info.plist;
				INFOPLIST_KEY_UIApplicationSupportsIndirectInputEvents = YES;
				INFOPLIST_KEY_UILaunchStoryboardName = LaunchScreen;
				INFOPLIST_KEY_UIMainStoryboardFile = Main;
				INFOPLIST_KEY_UISupportedInterfaceOrientations_iPad = "UIInterfaceOrientationPortrait UIInterfaceOrientationPortraitUpsideDown UIInterfaceOrientationLandscapeLeft UIInterfaceOrientationLandscapeRight";
				INFOPLIST_KEY_UISupportedInterfaceOrientations_iPhone = "UIInterfaceOrientationPortrait UIInterfaceOrientationLandscapeLeft UIInterfaceOrientationLandscapeRight";
				IPHONEOS_DEPLOYMENT_TARGET = 13.0;
				LD_RUNPATH_SEARCH_PATHS = (
					"$(inherited)",
					"@executable_path/Frameworks",
				);
				MARKETING_VERSION = 1.0;
				PRODUCT_BUNDLE_IDENTIFIER = com.RussianSiteChecker;
				PRODUCT_NAME = "$(TARGET_NAME)";
				PROVISIONING_PROFILE_SPECIFIER = "";
				SWIFT_EMIT_LOC_STRINGS = YES;
				SWIFT_VERSION = 5.0;
				TARGETED_DEVICE_FAMILY = "1,2";
			};
			name = Release;
		};
		525ED05D27CA370100FB9307 /* Debug */ = {
			isa = XCBuildConfiguration;
			buildSettings = {
				ALWAYS_EMBED_SWIFT_STANDARD_LIBRARIES = YES;
				BUNDLE_LOADER = "$(TEST_HOST)";
				CODE_SIGN_STYLE = Automatic;
				CURRENT_PROJECT_VERSION = 1;
				DEVELOPMENT_TEAM = DX34ZZXSN8;
				GENERATE_INFOPLIST_FILE = YES;
				IPHONEOS_DEPLOYMENT_TARGET = 15.2;
				MARKETING_VERSION = 1.0;
				PRODUCT_BUNDLE_IDENTIFIER = com.RussianSiteCheckerTests;
				PRODUCT_NAME = "$(TARGET_NAME)";
				SWIFT_EMIT_LOC_STRINGS = NO;
				SWIFT_VERSION = 5.0;
				TARGETED_DEVICE_FAMILY = "1,2";
				TEST_HOST = "$(BUILT_PRODUCTS_DIR)/RussianSiteChecker.app/RussianSiteChecker";
			};
			name = Debug;
		};
		525ED05E27CA370100FB9307 /* Release */ = {
			isa = XCBuildConfiguration;
			buildSettings = {
				ALWAYS_EMBED_SWIFT_STANDARD_LIBRARIES = YES;
				BUNDLE_LOADER = "$(TEST_HOST)";
				CODE_SIGN_STYLE = Automatic;
				CURRENT_PROJECT_VERSION = 1;
				DEVELOPMENT_TEAM = DX34ZZXSN8;
				GENERATE_INFOPLIST_FILE = YES;
				IPHONEOS_DEPLOYMENT_TARGET = 15.2;
				MARKETING_VERSION = 1.0;
				PRODUCT_BUNDLE_IDENTIFIER = com.RussianSiteCheckerTests;
				PRODUCT_NAME = "$(TARGET_NAME)";
				SWIFT_EMIT_LOC_STRINGS = NO;
				SWIFT_VERSION = 5.0;
				TARGETED_DEVICE_FAMILY = "1,2";
				TEST_HOST = "$(BUILT_PRODUCTS_DIR)/RussianSiteChecker.app/RussianSiteChecker";
			};
			name = Release;
		};
		525ED06027CA370100FB9307 /* Debug */ = {
			isa = XCBuildConfiguration;
			buildSettings = {
				ALWAYS_EMBED_SWIFT_STANDARD_LIBRARIES = YES;
				CODE_SIGN_STYLE = Automatic;
				CURRENT_PROJECT_VERSION = 1;
				DEVELOPMENT_TEAM = DX34ZZXSN8;
				GENERATE_INFOPLIST_FILE = YES;
				MARKETING_VERSION = 1.0;
				PRODUCT_BUNDLE_IDENTIFIER = com.RussianSiteCheckerUITests;
				PRODUCT_NAME = "$(TARGET_NAME)";
				SWIFT_EMIT_LOC_STRINGS = NO;
				SWIFT_VERSION = 5.0;
				TARGETED_DEVICE_FAMILY = "1,2";
				TEST_TARGET_NAME = RussianSiteChecker;
			};
			name = Debug;
		};
		525ED06127CA370100FB9307 /* Release */ = {
			isa = XCBuildConfiguration;
			buildSettings = {
				ALWAYS_EMBED_SWIFT_STANDARD_LIBRARIES = YES;
				CODE_SIGN_STYLE = Automatic;
				CURRENT_PROJECT_VERSION = 1;
				DEVELOPMENT_TEAM = DX34ZZXSN8;
				GENERATE_INFOPLIST_FILE = YES;
				MARKETING_VERSION = 1.0;
				PRODUCT_BUNDLE_IDENTIFIER = com.RussianSiteCheckerUITests;
				PRODUCT_NAME = "$(TARGET_NAME)";
				SWIFT_EMIT_LOC_STRINGS = NO;
				SWIFT_VERSION = 5.0;
				TARGETED_DEVICE_FAMILY = "1,2";
				TEST_TARGET_NAME = RussianSiteChecker;
			};
			name = Release;
		};
/* End XCBuildConfiguration section */

/* Begin XCConfigurationList section */
		525ED02A27CA370000FB9307 /* Build configuration list for PBXProject "RussianSiteChecker" */ = {
			isa = XCConfigurationList;
			buildConfigurations = (
				525ED05727CA370100FB9307 /* Debug */,
				525ED05827CA370100FB9307 /* Release */,
			);
			defaultConfigurationIsVisible = 0;
			defaultConfigurationName = Release;
		};
		525ED05927CA370100FB9307 /* Build configuration list for PBXNativeTarget "RussianSiteChecker" */ = {
			isa = XCConfigurationList;
			buildConfigurations = (
				525ED05A27CA370100FB9307 /* Debug */,
				525ED05B27CA370100FB9307 /* Release */,
			);
			defaultConfigurationIsVisible = 0;
			defaultConfigurationName = Release;
		};
		525ED05C27CA370100FB9307 /* Build configuration list for PBXNativeTarget "RussianSiteCheckerTests" */ = {
			isa = XCConfigurationList;
			buildConfigurations = (
				525ED05D27CA370100FB9307 /* Debug */,
				525ED05E27CA370100FB9307 /* Release */,
			);
			defaultConfigurationIsVisible = 0;
			defaultConfigurationName = Release;
		};
		525ED05F27CA370100FB9307 /* Build configuration list for PBXNativeTarget "RussianSiteCheckerUITests" */ = {
			isa = XCConfigurationList;
			buildConfigurations = (
				525ED06027CA370100FB9307 /* Debug */,
				525ED06127CA370100FB9307 /* Release */,
			);
			defaultConfigurationIsVisible = 0;
			defaultConfigurationName = Release;
		};
/* End XCConfigurationList section */
	};
	rootObject = 525ED02727CA370000FB9307 /* Project object */;
}
